// !$*UTF8*$!
{
	archiveVersion = 1;
	classes = {
	};
	objectVersion = 45;
	objects = {

/* Begin PBXBuildFile section */
		1B26781E0DA2F9B000B24DA5 /* icon.png in Resources */ = {isa = PBXBuildFile; fileRef = 1B26781D0DA2F9B000B24DA5 /* icon.png */; };
		1BF3A1360DA68E6200C48976 /* ReadMe.txt in Resources */ = {isa = PBXBuildFile; fileRef = 1BF3A1350DA68E6200C48976 /* ReadMe.txt */; };
		1D3623EC0D0F72F000981E51 /* CoreGraphics.framework in Frameworks */ = {isa = PBXBuildFile; fileRef = 1D3623EB0D0F72F000981E51 /* CoreGraphics.framework */; };
		1D60589F0D05DD5A006BFB54 /* Foundation.framework in Frameworks */ = {isa = PBXBuildFile; fileRef = 1D30AB110D05D00D00671497 /* Foundation.framework */; };
		1DF5F4E00D08C38300B7A737 /* UIKit.framework in Frameworks */ = {isa = PBXBuildFile; fileRef = 1DF5F4DF0D08C38300B7A737 /* UIKit.framework */; };
		2D500B940D5A79C200DBA0E3 /* OpenGLES.framework in Frameworks */ = {isa = PBXBuildFile; fileRef = 2D500B920D5A79C200DBA0E3 /* OpenGLES.framework */; };
		2D500B9A0D5A79CF00DBA0E3 /* QuartzCore.framework in Frameworks */ = {isa = PBXBuildFile; fileRef = 2D500B990D5A79CF00DBA0E3 /* QuartzCore.framework */; };
		7914067C0DBAD8D100C9A379 /* Delegate.mm in Sources */ = {isa = PBXBuildFile; fileRef = 7914067B0DBAD8D100C9A379 /* Delegate.mm */; };
		79235CF10DAD243A00F918F8 /* main.m in Sources */ = {isa = PBXBuildFile; fileRef = 79235CD40DAD243A00F918F8 /* main.m */; };
		79235D500DAD2BEA00F918F8 /* Application.mm in Sources */ = {isa = PBXBuildFile; fileRef = 79235D4F0DAD2BEA00F918F8 /* Application.mm */; };
		79235D950DAD3D5100F918F8 /* GraphicsServices.framework in Frameworks */ = {isa = PBXBuildFile; fileRef = 79235D940DAD3D5100F918F8 /* GraphicsServices.framework */; };
		79317D7E0EDC51F300247E3D /* Matrix.cpp in Sources */ = {isa = PBXBuildFile; fileRef = 79317D700EDC51F300247E3D /* Matrix.cpp */; };
		79317D7F0EDC51F300247E3D /* Random.cpp in Sources */ = {isa = PBXBuildFile; fileRef = 79317D730EDC51F300247E3D /* Random.cpp */; };
		79317D800EDC51F300247E3D /* Transform.cpp in Sources */ = {isa = PBXBuildFile; fileRef = 79317D750EDC51F300247E3D /* Transform.cpp */; };
		79317D810EDC51F300247E3D /* matrix_impl.cpp in Sources */ = {isa = PBXBuildFile; fileRef = 79317D7A0EDC51F300247E3D /* matrix_impl.cpp */; };
		79317D820EDC51F300247E3D /* utility_impl.cpp in Sources */ = {isa = PBXBuildFile; fileRef = 79317D7C0EDC51F300247E3D /* utility_impl.cpp */; };
		795AC9080EDF1293004CF7D4 /* mmgr.cpp in Sources */ = {isa = PBXBuildFile; fileRef = 795AC9040EDF1293004CF7D4 /* mmgr.cpp */; };
		795AC9090EDF1293004CF7D4 /* readme.txt in Resources */ = {isa = PBXBuildFile; fileRef = 795AC9070EDF1293004CF7D4 /* readme.txt */; };
		79EA04530DAFC7950038ED3D /* EAGLView.m in Sources */ = {isa = PBXBuildFile; fileRef = 79EA04410DAFC7950038ED3D /* EAGLView.m */; };
		79EA04580DAFC7950038ED3D /* DisplayText.cpp in Sources */ = {isa = PBXBuildFile; fileRef = 79EA044E0DAFC7950038ED3D /* DisplayText.cpp */; };
		79EA04590DAFC7950038ED3D /* DisplayTextAPI.cpp in Sources */ = {isa = PBXBuildFile; fileRef = 79EA04500DAFC7950038ED3D /* DisplayTextAPI.cpp */; };
		79EA049F0DAFCC980038ED3D /* BoneBatch.cpp in Sources */ = {isa = PBXBuildFile; fileRef = 79EA048A0DAFCC980038ED3D /* BoneBatch.cpp */; };
		79EA04A00DAFCC980038ED3D /* Model3DS.cpp in Sources */ = {isa = PBXBuildFile; fileRef = 79EA048C0DAFCC980038ED3D /* Model3DS.cpp */; };
		79EA04A10DAFCC980038ED3D /* ModelPOD.cpp in Sources */ = {isa = PBXBuildFile; fileRef = 79EA048E0DAFCC980038ED3D /* ModelPOD.cpp */; };
		79EA04A20DAFCC980038ED3D /* ModelPODWriteH.cpp in Sources */ = {isa = PBXBuildFile; fileRef = 79EA04900DAFCC980038ED3D /* ModelPODWriteH.cpp */; };
		79EA04A30DAFCC980038ED3D /* TriStrip.cpp in Sources */ = {isa = PBXBuildFile; fileRef = 79EA04910DAFCC980038ED3D /* TriStrip.cpp */; };
		79EA04A40DAFCC980038ED3D /* Vertex.cpp in Sources */ = {isa = PBXBuildFile; fileRef = 79EA04930DAFCC980038ED3D /* Vertex.cpp */; };
		79EA04A50DAFCC980038ED3D /* VertexLookup.cpp in Sources */ = {isa = PBXBuildFile; fileRef = 79EA04950DAFCC980038ED3D /* VertexLookup.cpp */; };
		79EA04A60DAFCC980038ED3D /* ResourceFile.cpp in Sources */ = {isa = PBXBuildFile; fileRef = 79EA04990DAFCC980038ED3D /* ResourceFile.cpp */; };
		79EA04A70DAFCC980038ED3D /* Streaming.cpp in Sources */ = {isa = PBXBuildFile; fileRef = 79EA049B0DAFCC980038ED3D /* Streaming.cpp */; };
		79EA07100DAFF0550038ED3D /* Default.png in Resources */ = {isa = PBXBuildFile; fileRef = 79EA070F0DAFF0550038ED3D /* Default.png */; };
		D932CEF50E7DAF4C0075FE72 /* callbacks.c in Sources */ = {isa = PBXBuildFile; fileRef = D932CEE40E7DAF4C0075FE72 /* callbacks.c */; };
		D932CEF60E7DAF4C0075FE72 /* host.c in Sources */ = {isa = PBXBuildFile; fileRef = D932CEE70E7DAF4C0075FE72 /* host.c */; };
		D932CEF70E7DAF4C0075FE72 /* list.c in Sources */ = {isa = PBXBuildFile; fileRef = D932CEE80E7DAF4C0075FE72 /* list.c */; };
		D932CEF80E7DAF4C0075FE72 /* packet.c in Sources */ = {isa = PBXBuildFile; fileRef = D932CEEA0E7DAF4C0075FE72 /* packet.c */; };
		D932CEF90E7DAF4C0075FE72 /* peer.c in Sources */ = {isa = PBXBuildFile; fileRef = D932CEEB0E7DAF4C0075FE72 /* peer.c */; };
		D932CEFA0E7DAF4C0075FE72 /* protocol.c in Sources */ = {isa = PBXBuildFile; fileRef = D932CEEC0E7DAF4C0075FE72 /* protocol.c */; };
		D932CEFB0E7DAF4C0075FE72 /* unix.c in Sources */ = {isa = PBXBuildFile; fileRef = D932CEF00E7DAF4C0075FE72 /* unix.c */; };
/* End PBXBuildFile section */

/* Begin PBXFileReference section */
		1B26781D0DA2F9B000B24DA5 /* icon.png */ = {isa = PBXFileReference; lastKnownFileType = image.png; path = icon.png; sourceTree = "<group>"; };
		1BF3A1350DA68E6200C48976 /* ReadMe.txt */ = {isa = PBXFileReference; fileEncoding = 4; lastKnownFileType = text; path = ReadMe.txt; sourceTree = "<group>"; };
		1D30AB110D05D00D00671497 /* Foundation.framework */ = {isa = PBXFileReference; lastKnownFileType = wrapper.framework; name = Foundation.framework; path = System/Library/Frameworks/Foundation.framework; sourceTree = SDKROOT; };
		1D3623EB0D0F72F000981E51 /* CoreGraphics.framework */ = {isa = PBXFileReference; lastKnownFileType = wrapper.framework; name = CoreGraphics.framework; path = System/Library/Frameworks/CoreGraphics.framework; sourceTree = SDKROOT; };
		1D6058910D05DD3D006BFB54 /* NetworkSkeleton.app */ = {isa = PBXFileReference; explicitFileType = wrapper.application; includeInIndex = 0; path = NetworkSkeleton.app; sourceTree = BUILT_PRODUCTS_DIR; };
		1DF5F4DF0D08C38300B7A737 /* UIKit.framework */ = {isa = PBXFileReference; lastKnownFileType = wrapper.framework; name = UIKit.framework; path = System/Library/Frameworks/UIKit.framework; sourceTree = SDKROOT; };
		2D500B920D5A79C200DBA0E3 /* OpenGLES.framework */ = {isa = PBXFileReference; lastKnownFileType = wrapper.framework; name = OpenGLES.framework; path = System/Library/Frameworks/OpenGLES.framework; sourceTree = SDKROOT; };
		2D500B990D5A79CF00DBA0E3 /* QuartzCore.framework */ = {isa = PBXFileReference; lastKnownFileType = wrapper.framework; name = QuartzCore.framework; path = System/Library/Frameworks/QuartzCore.framework; sourceTree = SDKROOT; };
		7914067A0DBAD8D100C9A379 /* Delegate.h */ = {isa = PBXFileReference; fileEncoding = 4; lastKnownFileType = sourcecode.c.h; path = Delegate.h; sourceTree = "<group>"; };
		7914067B0DBAD8D100C9A379 /* Delegate.mm */ = {isa = PBXFileReference; fileEncoding = 4; lastKnownFileType = sourcecode.cpp.objcpp; path = Delegate.mm; sourceTree = "<group>"; };
		79235CD10DAD243A00F918F8 /* Application.h */ = {isa = PBXFileReference; fileEncoding = 4; lastKnownFileType = sourcecode.c.h; path = Application.h; sourceTree = "<group>"; };
		79235CD40DAD243A00F918F8 /* main.m */ = {isa = PBXFileReference; fileEncoding = 4; lastKnownFileType = sourcecode.c.objc; path = main.m; sourceTree = "<group>"; };
		79235D4F0DAD2BEA00F918F8 /* Application.mm */ = {isa = PBXFileReference; fileEncoding = 4; lastKnownFileType = sourcecode.cpp.objcpp; path = Application.mm; sourceTree = "<group>"; };
		79235D940DAD3D5100F918F8 /* GraphicsServices.framework */ = {isa = PBXFileReference; lastKnownFileType = wrapper.framework; name = GraphicsServices.framework; path = System/Library/PrivateFrameworks/GraphicsServices.framework; sourceTree = SDKROOT; };
		79317D700EDC51F300247E3D /* Matrix.cpp */ = {isa = PBXFileReference; fileEncoding = 4; lastKnownFileType = sourcecode.cpp.cpp; path = Matrix.cpp; sourceTree = "<group>"; };
		79317D710EDC51F300247E3D /* Matrix.h */ = {isa = PBXFileReference; fileEncoding = 4; lastKnownFileType = sourcecode.c.h; path = Matrix.h; sourceTree = "<group>"; };
		79317D720EDC51F300247E3D /* Quaternion.h */ = {isa = PBXFileReference; fileEncoding = 4; lastKnownFileType = sourcecode.c.h; path = Quaternion.h; sourceTree = "<group>"; };
		79317D730EDC51F300247E3D /* Random.cpp */ = {isa = PBXFileReference; fileEncoding = 4; lastKnownFileType = sourcecode.cpp.cpp; path = Random.cpp; sourceTree = "<group>"; };
		79317D740EDC51F300247E3D /* Random.h */ = {isa = PBXFileReference; fileEncoding = 4; lastKnownFileType = sourcecode.c.h; path = Random.h; sourceTree = "<group>"; };
		79317D750EDC51F300247E3D /* Transform.cpp */ = {isa = PBXFileReference; fileEncoding = 4; lastKnownFileType = sourcecode.cpp.cpp; path = Transform.cpp; sourceTree = "<group>"; };
		79317D760EDC51F300247E3D /* Transform.h */ = {isa = PBXFileReference; fileEncoding = 4; lastKnownFileType = sourcecode.c.h; path = Transform.h; sourceTree = "<group>"; };
		79317D770EDC51F300247E3D /* Vector.h */ = {isa = PBXFileReference; fileEncoding = 4; lastKnownFileType = sourcecode.c.h; path = Vector.h; sourceTree = "<group>"; };
		79317D790EDC51F300247E3D /* common_macros.h */ = {isa = PBXFileReference; fileEncoding = 4; lastKnownFileType = sourcecode.c.h; path = common_macros.h; sourceTree = "<group>"; };
		79317D7A0EDC51F300247E3D /* matrix_impl.cpp */ = {isa = PBXFileReference; fileEncoding = 4; lastKnownFileType = sourcecode.cpp.cpp; path = matrix_impl.cpp; sourceTree = "<group>"; };
		79317D7B0EDC51F300247E3D /* matrix_impl.h */ = {isa = PBXFileReference; fileEncoding = 4; lastKnownFileType = sourcecode.c.h; path = matrix_impl.h; sourceTree = "<group>"; };
		79317D7C0EDC51F300247E3D /* utility_impl.cpp */ = {isa = PBXFileReference; fileEncoding = 4; lastKnownFileType = sourcecode.cpp.cpp; path = utility_impl.cpp; sourceTree = "<group>"; };
		79317D7D0EDC51F300247E3D /* utility_impl.h */ = {isa = PBXFileReference; fileEncoding = 4; lastKnownFileType = sourcecode.c.h; path = utility_impl.h; sourceTree = "<group>"; };
		795AC9030EDF1293004CF7D4 /* MemoryTemplates.h */ = {isa = PBXFileReference; fileEncoding = 4; lastKnownFileType = sourcecode.c.h; path = MemoryTemplates.h; sourceTree = "<group>"; };
		795AC9040EDF1293004CF7D4 /* mmgr.cpp */ = {isa = PBXFileReference; fileEncoding = 4; lastKnownFileType = sourcecode.cpp.cpp; path = mmgr.cpp; sourceTree = "<group>"; };
		795AC9050EDF1293004CF7D4 /* mmgr.h */ = {isa = PBXFileReference; fileEncoding = 4; lastKnownFileType = sourcecode.c.h; path = mmgr.h; sourceTree = "<group>"; };
		795AC9060EDF1293004CF7D4 /* nommgr.h */ = {isa = PBXFileReference; fileEncoding = 4; lastKnownFileType = sourcecode.c.h; path = nommgr.h; sourceTree = "<group>"; };
		795AC9070EDF1293004CF7D4 /* readme.txt */ = {isa = PBXFileReference; fileEncoding = 4; lastKnownFileType = text; path = readme.txt; sourceTree = "<group>"; };
		79EA04400DAFC7950038ED3D /* EAGLView.h */ = {isa = PBXFileReference; fileEncoding = 4; lastKnownFileType = sourcecode.c.h; path = EAGLView.h; sourceTree = "<group>"; };
		79EA04410DAFC7950038ED3D /* EAGLView.m */ = {isa = PBXFileReference; fileEncoding = 4; lastKnownFileType = sourcecode.c.objc; path = EAGLView.m; sourceTree = "<group>"; };
		79EA04420DAFC7950038ED3D /* OpenGL_Internal.h */ = {isa = PBXFileReference; fileEncoding = 4; lastKnownFileType = sourcecode.c.h; path = OpenGL_Internal.h; sourceTree = "<group>"; };
		79EA044E0DAFC7950038ED3D /* DisplayText.cpp */ = {isa = PBXFileReference; fileEncoding = 4; lastKnownFileType = sourcecode.cpp.cpp; path = DisplayText.cpp; sourceTree = "<group>"; };
		79EA044F0DAFC7950038ED3D /* DisplayText.h */ = {isa = PBXFileReference; fileEncoding = 4; lastKnownFileType = sourcecode.c.h; path = DisplayText.h; sourceTree = "<group>"; };
		79EA04500DAFC7950038ED3D /* DisplayTextAPI.cpp */ = {isa = PBXFileReference; fileEncoding = 4; lastKnownFileType = sourcecode.cpp.cpp; path = DisplayTextAPI.cpp; sourceTree = "<group>"; };
		79EA04510DAFC7950038ED3D /* DisplayTextdat.h */ = {isa = PBXFileReference; fileEncoding = 4; lastKnownFileType = sourcecode.c.h; path = DisplayTextdat.h; sourceTree = "<group>"; };
		79EA048A0DAFCC980038ED3D /* BoneBatch.cpp */ = {isa = PBXFileReference; fileEncoding = 4; lastKnownFileType = sourcecode.cpp.cpp; path = BoneBatch.cpp; sourceTree = "<group>"; };
		79EA048B0DAFCC980038ED3D /* BoneBatch.h */ = {isa = PBXFileReference; fileEncoding = 4; lastKnownFileType = sourcecode.c.h; path = BoneBatch.h; sourceTree = "<group>"; };
		79EA048C0DAFCC980038ED3D /* Model3DS.cpp */ = {isa = PBXFileReference; fileEncoding = 4; lastKnownFileType = sourcecode.cpp.cpp; path = Model3DS.cpp; sourceTree = "<group>"; };
		79EA048D0DAFCC980038ED3D /* Model3DS.h */ = {isa = PBXFileReference; fileEncoding = 4; lastKnownFileType = sourcecode.c.h; path = Model3DS.h; sourceTree = "<group>"; };
		79EA048E0DAFCC980038ED3D /* ModelPOD.cpp */ = {isa = PBXFileReference; fileEncoding = 4; lastKnownFileType = sourcecode.cpp.cpp; path = ModelPOD.cpp; sourceTree = "<group>"; };
		79EA048F0DAFCC980038ED3D /* ModelPOD.h */ = {isa = PBXFileReference; fileEncoding = 4; lastKnownFileType = sourcecode.c.h; path = ModelPOD.h; sourceTree = "<group>"; };
		79EA04900DAFCC980038ED3D /* ModelPODWriteH.cpp */ = {isa = PBXFileReference; fileEncoding = 4; lastKnownFileType = sourcecode.cpp.cpp; path = ModelPODWriteH.cpp; sourceTree = "<group>"; };
		79EA04910DAFCC980038ED3D /* TriStrip.cpp */ = {isa = PBXFileReference; fileEncoding = 4; lastKnownFileType = sourcecode.cpp.cpp; path = TriStrip.cpp; sourceTree = "<group>"; };
		79EA04920DAFCC980038ED3D /* TriStrip.h */ = {isa = PBXFileReference; fileEncoding = 4; lastKnownFileType = sourcecode.c.h; path = TriStrip.h; sourceTree = "<group>"; };
		79EA04930DAFCC980038ED3D /* Vertex.cpp */ = {isa = PBXFileReference; fileEncoding = 4; lastKnownFileType = sourcecode.cpp.cpp; path = Vertex.cpp; sourceTree = "<group>"; };
		79EA04940DAFCC980038ED3D /* Vertex.h */ = {isa = PBXFileReference; fileEncoding = 4; lastKnownFileType = sourcecode.c.h; path = Vertex.h; sourceTree = "<group>"; };
		79EA04950DAFCC980038ED3D /* VertexLookup.cpp */ = {isa = PBXFileReference; fileEncoding = 4; lastKnownFileType = sourcecode.cpp.cpp; path = VertexLookup.cpp; sourceTree = "<group>"; };
		79EA04960DAFCC980038ED3D /* VertexLookup.h */ = {isa = PBXFileReference; fileEncoding = 4; lastKnownFileType = sourcecode.c.h; path = VertexLookup.h; sourceTree = "<group>"; };
		79EA04980DAFCC980038ED3D /* MemoryFile.h */ = {isa = PBXFileReference; fileEncoding = 4; lastKnownFileType = sourcecode.c.h; path = MemoryFile.h; sourceTree = "<group>"; };
		79EA04990DAFCC980038ED3D /* ResourceFile.cpp */ = {isa = PBXFileReference; fileEncoding = 4; lastKnownFileType = sourcecode.cpp.cpp; path = ResourceFile.cpp; sourceTree = "<group>"; };
		79EA049A0DAFCC980038ED3D /* ResourceFile.h */ = {isa = PBXFileReference; fileEncoding = 4; lastKnownFileType = sourcecode.c.h; path = ResourceFile.h; sourceTree = "<group>"; };
		79EA049B0DAFCC980038ED3D /* Streaming.cpp */ = {isa = PBXFileReference; fileEncoding = 4; lastKnownFileType = sourcecode.cpp.cpp; path = Streaming.cpp; sourceTree = "<group>"; };
		79EA049C0DAFCC980038ED3D /* Streaming.h */ = {isa = PBXFileReference; fileEncoding = 4; lastKnownFileType = sourcecode.c.h; path = Streaming.h; sourceTree = "<group>"; };
		79EA070F0DAFF0550038ED3D /* Default.png */ = {isa = PBXFileReference; lastKnownFileType = image.png; path = Default.png; sourceTree = "<group>"; };
		8D1107310486CEB800E47090 /* Info.plist */ = {isa = PBXFileReference; fileEncoding = 4; lastKnownFileType = text.plist.xml; path = Info.plist; sourceTree = "<group>"; };
		D932CEE40E7DAF4C0075FE72 /* callbacks.c */ = {isa = PBXFileReference; fileEncoding = 4; lastKnownFileType = sourcecode.c.c; path = callbacks.c; sourceTree = "<group>"; };
		D932CEE50E7DAF4C0075FE72 /* callbacks.h */ = {isa = PBXFileReference; fileEncoding = 4; lastKnownFileType = sourcecode.c.h; path = callbacks.h; sourceTree = "<group>"; };
		D932CEE60E7DAF4C0075FE72 /* enet.h */ = {isa = PBXFileReference; fileEncoding = 4; lastKnownFileType = sourcecode.c.h; path = enet.h; sourceTree = "<group>"; };
		D932CEE70E7DAF4C0075FE72 /* host.c */ = {isa = PBXFileReference; fileEncoding = 4; lastKnownFileType = sourcecode.c.c; path = host.c; sourceTree = "<group>"; };
		D932CEE80E7DAF4C0075FE72 /* list.c */ = {isa = PBXFileReference; fileEncoding = 4; lastKnownFileType = sourcecode.c.c; path = list.c; sourceTree = "<group>"; };
		D932CEE90E7DAF4C0075FE72 /* list.h */ = {isa = PBXFileReference; fileEncoding = 4; lastKnownFileType = sourcecode.c.h; path = list.h; sourceTree = "<group>"; };
		D932CEEA0E7DAF4C0075FE72 /* packet.c */ = {isa = PBXFileReference; fileEncoding = 4; lastKnownFileType = sourcecode.c.c; path = packet.c; sourceTree = "<group>"; };
		D932CEEB0E7DAF4C0075FE72 /* peer.c */ = {isa = PBXFileReference; fileEncoding = 4; lastKnownFileType = sourcecode.c.c; path = peer.c; sourceTree = "<group>"; };
		D932CEEC0E7DAF4C0075FE72 /* protocol.c */ = {isa = PBXFileReference; fileEncoding = 4; lastKnownFileType = sourcecode.c.c; path = protocol.c; sourceTree = "<group>"; };
		D932CEED0E7DAF4C0075FE72 /* protocol.h */ = {isa = PBXFileReference; fileEncoding = 4; lastKnownFileType = sourcecode.c.h; path = protocol.h; sourceTree = "<group>"; };
		D932CEEE0E7DAF4C0075FE72 /* time.h */ = {isa = PBXFileReference; fileEncoding = 4; lastKnownFileType = sourcecode.c.h; path = time.h; sourceTree = "<group>"; };
		D932CEEF0E7DAF4C0075FE72 /* types.h */ = {isa = PBXFileReference; fileEncoding = 4; lastKnownFileType = sourcecode.c.h; path = types.h; sourceTree = "<group>"; };
		D932CEF00E7DAF4C0075FE72 /* unix.c */ = {isa = PBXFileReference; fileEncoding = 4; lastKnownFileType = sourcecode.c.c; path = unix.c; sourceTree = "<group>"; };
		D932CEF10E7DAF4C0075FE72 /* unix.h */ = {isa = PBXFileReference; fileEncoding = 4; lastKnownFileType = sourcecode.c.h; path = unix.h; sourceTree = "<group>"; };
		D932CEF20E7DAF4C0075FE72 /* utility.h */ = {isa = PBXFileReference; fileEncoding = 4; lastKnownFileType = sourcecode.c.h; path = utility.h; sourceTree = "<group>"; };
/* End PBXFileReference section */

/* Begin PBXFrameworksBuildPhase section */
		1D60588F0D05DD3D006BFB54 /* Frameworks */ = {
			isa = PBXFrameworksBuildPhase;
			buildActionMask = 2147483647;
			files = (
				1D60589F0D05DD5A006BFB54 /* Foundation.framework in Frameworks */,
				1DF5F4E00D08C38300B7A737 /* UIKit.framework in Frameworks */,
				1D3623EC0D0F72F000981E51 /* CoreGraphics.framework in Frameworks */,
				2D500B940D5A79C200DBA0E3 /* OpenGLES.framework in Frameworks */,
				2D500B9A0D5A79CF00DBA0E3 /* QuartzCore.framework in Frameworks */,
				79235D950DAD3D5100F918F8 /* GraphicsServices.framework in Frameworks */,
			);
			runOnlyForDeploymentPostprocessing = 0;
		};
/* End PBXFrameworksBuildPhase section */

/* Begin PBXGroup section */
		19C28FACFE9D520D11CA2CBB /* Products */ = {
			isa = PBXGroup;
			children = (
				1D6058910D05DD3D006BFB54 /* NetworkSkeleton.app */,
			);
			name = Products;
			sourceTree = "<group>";
		};
		29B97314FDCFA39411CA2CEA /* CustomTemplate */ = {
			isa = PBXGroup;
			children = (
				7914067A0DBAD8D100C9A379 /* Delegate.h */,
				7914067B0DBAD8D100C9A379 /* Delegate.mm */,
				79235D4F0DAD2BEA00F918F8 /* Application.mm */,
				1BF3A1350DA68E6200C48976 /* ReadMe.txt */,
				2D500B1D0D5A766B00DBA0E3 /* Classes */,
				2D500B6F0D5A793600DBA0E3 /* Support */,
				29B97315FDCFA39411CA2CEA /* Other Sources */,
				29B97317FDCFA39411CA2CEA /* Resources */,
				29B97323FDCFA39411CA2CEA /* Frameworks */,
				19C28FACFE9D520D11CA2CBB /* Products */,
			);
			name = CustomTemplate;
			sourceTree = "<group>";
		};
		29B97315FDCFA39411CA2CEA /* Other Sources */ = {
			isa = PBXGroup;
			children = (
			);
			name = "Other Sources";
			sourceTree = "<group>";
		};
		29B97317FDCFA39411CA2CEA /* Resources */ = {
			isa = PBXGroup;
			children = (
				1B26781D0DA2F9B000B24DA5 /* icon.png */,
				8D1107310486CEB800E47090 /* Info.plist */,
				79EA070F0DAFF0550038ED3D /* Default.png */,
			);
			name = Resources;
			sourceTree = "<group>";
		};
		29B97323FDCFA39411CA2CEA /* Frameworks */ = {
			isa = PBXGroup;
			children = (
				79235D940DAD3D5100F918F8 /* GraphicsServices.framework */,
				1D3623EB0D0F72F000981E51 /* CoreGraphics.framework */,
				2D500B990D5A79CF00DBA0E3 /* QuartzCore.framework */,
				2D500B920D5A79C200DBA0E3 /* OpenGLES.framework */,
				1DF5F4DF0D08C38300B7A737 /* UIKit.framework */,
				1D30AB110D05D00D00671497 /* Foundation.framework */,
			);
			name = Frameworks;
			sourceTree = "<group>";
		};
		2D500B1D0D5A766B00DBA0E3 /* Classes */ = {
			isa = PBXGroup;
			children = (
				795AC9020EDF1293004CF7D4 /* MemoryManager */,
				79317D6F0EDC51F300247E3D /* Math */,
				D932CEE30E7DAF4C0075FE72 /* Enet */,
				79EA043B0DAFC7950038ED3D /* Core */,
				79235CD00DAD243A00F918F8 /* Application */,
			);
			name = Classes;
			sourceTree = "<group>";
		};
		2D500B6F0D5A793600DBA0E3 /* Support */ = {
			isa = PBXGroup;
			children = (
			);
			name = Support;
			sourceTree = "<group>";
		};
		79235CD00DAD243A00F918F8 /* Application */ = {
			isa = PBXGroup;
			children = (
				79235CD10DAD243A00F918F8 /* Application.h */,
				79235CD40DAD243A00F918F8 /* main.m */,
			);
			name = Application;
			path = ../../../Application;
			sourceTree = SOURCE_ROOT;
		};
		79317D6F0EDC51F300247E3D /* Math */ = {
			isa = PBXGroup;
			children = (
				79317D700EDC51F300247E3D /* Matrix.cpp */,
				79317D710EDC51F300247E3D /* Matrix.h */,
				79317D720EDC51F300247E3D /* Quaternion.h */,
				79317D730EDC51F300247E3D /* Random.cpp */,
				79317D740EDC51F300247E3D /* Random.h */,
				79317D750EDC51F300247E3D /* Transform.cpp */,
				79317D760EDC51F300247E3D /* Transform.h */,
				79317D770EDC51F300247E3D /* Vector.h */,
				79317D780EDC51F300247E3D /* vfpmath */,
			);
			name = Math;
			path = ../../../Math;
			sourceTree = SOURCE_ROOT;
		};
		79317D780EDC51F300247E3D /* vfpmath */ = {
			isa = PBXGroup;
			children = (
				79317D790EDC51F300247E3D /* common_macros.h */,
				79317D7A0EDC51F300247E3D /* matrix_impl.cpp */,
				79317D7B0EDC51F300247E3D /* matrix_impl.h */,
				79317D7C0EDC51F300247E3D /* utility_impl.cpp */,
				79317D7D0EDC51F300247E3D /* utility_impl.h */,
			);
			path = vfpmath;
			sourceTree = "<group>";
		};
		795AC9020EDF1293004CF7D4 /* MemoryManager */ = {
			isa = PBXGroup;
			children = (
				795AC9030EDF1293004CF7D4 /* MemoryTemplates.h */,
				795AC9040EDF1293004CF7D4 /* mmgr.cpp */,
				795AC9050EDF1293004CF7D4 /* mmgr.h */,
				795AC9060EDF1293004CF7D4 /* nommgr.h */,
				795AC9070EDF1293004CF7D4 /* readme.txt */,
			);
			name = MemoryManager;
			path = ../../../Utility/MemoryManager;
			sourceTree = SOURCE_ROOT;
		};
		79EA043B0DAFC7950038ED3D /* Core */ = {
			isa = PBXGroup;
			children = (
				79EA04890DAFCC980038ED3D /* Geometry */,
				79EA04970DAFCC980038ED3D /* Resource */,
				79EA043C0DAFC7950038ED3D /* GraphicsDevice */,
				79EA044D0DAFC7950038ED3D /* UI */,
			);
			name = Core;
			path = ../../../Renderer/Core;
			sourceTree = SOURCE_ROOT;
		};
		79EA043C0DAFC7950038ED3D /* GraphicsDevice */ = {
			isa = PBXGroup;
			children = (
				79EA043F0DAFC7950038ED3D /* OS2x */,
			);
			path = GraphicsDevice;
			sourceTree = "<group>";
		};
		79EA043F0DAFC7950038ED3D /* OS2x */ = {
			isa = PBXGroup;
			children = (
				79EA04400DAFC7950038ED3D /* EAGLView.h */,
				79EA04410DAFC7950038ED3D /* EAGLView.m */,
				79EA04420DAFC7950038ED3D /* OpenGL_Internal.h */,
			);
			path = OS2x;
			sourceTree = "<group>";
		};
		79EA044D0DAFC7950038ED3D /* UI */ = {
			isa = PBXGroup;
			children = (
				79EA044E0DAFC7950038ED3D /* DisplayText.cpp */,
				79EA044F0DAFC7950038ED3D /* DisplayText.h */,
				79EA04500DAFC7950038ED3D /* DisplayTextAPI.cpp */,
				79EA04510DAFC7950038ED3D /* DisplayTextdat.h */,
			);
			path = UI;
			sourceTree = "<group>";
		};
		79EA04890DAFCC980038ED3D /* Geometry */ = {
			isa = PBXGroup;
			children = (
				79EA048A0DAFCC980038ED3D /* BoneBatch.cpp */,
				79EA048B0DAFCC980038ED3D /* BoneBatch.h */,
				79EA048C0DAFCC980038ED3D /* Model3DS.cpp */,
				79EA048D0DAFCC980038ED3D /* Model3DS.h */,
				79EA048E0DAFCC980038ED3D /* ModelPOD.cpp */,
				79EA048F0DAFCC980038ED3D /* ModelPOD.h */,
				79EA04900DAFCC980038ED3D /* ModelPODWriteH.cpp */,
				79EA04910DAFCC980038ED3D /* TriStrip.cpp */,
				79EA04920DAFCC980038ED3D /* TriStrip.h */,
				79EA04930DAFCC980038ED3D /* Vertex.cpp */,
				79EA04940DAFCC980038ED3D /* Vertex.h */,
				79EA04950DAFCC980038ED3D /* VertexLookup.cpp */,
				79EA04960DAFCC980038ED3D /* VertexLookup.h */,
			);
			name = Geometry;
			path = ../../../Renderer/Geometry;
			sourceTree = SOURCE_ROOT;
		};
		79EA04970DAFCC980038ED3D /* Resource */ = {
			isa = PBXGroup;
			children = (
				79EA04980DAFCC980038ED3D /* MemoryFile.h */,
				79EA04990DAFCC980038ED3D /* ResourceFile.cpp */,
				79EA049A0DAFCC980038ED3D /* ResourceFile.h */,
				79EA049B0DAFCC980038ED3D /* Streaming.cpp */,
				79EA049C0DAFCC980038ED3D /* Streaming.h */,
			);
			name = Resource;
			path = ../../../Renderer/Resource;
			sourceTree = SOURCE_ROOT;
		};
		D932CEE30E7DAF4C0075FE72 /* Enet */ = {
			isa = PBXGroup;
			children = (
				D932CEE40E7DAF4C0075FE72 /* callbacks.c */,
				D932CEE50E7DAF4C0075FE72 /* callbacks.h */,
				D932CEE60E7DAF4C0075FE72 /* enet.h */,
				D932CEE70E7DAF4C0075FE72 /* host.c */,
				D932CEE80E7DAF4C0075FE72 /* list.c */,
				D932CEE90E7DAF4C0075FE72 /* list.h */,
				D932CEEA0E7DAF4C0075FE72 /* packet.c */,
				D932CEEB0E7DAF4C0075FE72 /* peer.c */,
				D932CEEC0E7DAF4C0075FE72 /* protocol.c */,
				D932CEED0E7DAF4C0075FE72 /* protocol.h */,
				D932CEEE0E7DAF4C0075FE72 /* time.h */,
				D932CEEF0E7DAF4C0075FE72 /* types.h */,
				D932CEF00E7DAF4C0075FE72 /* unix.c */,
				D932CEF10E7DAF4C0075FE72 /* unix.h */,
				D932CEF20E7DAF4C0075FE72 /* utility.h */,
			);
			name = Enet;
			path = ../../../Enet;
			sourceTree = SOURCE_ROOT;
		};
/* End PBXGroup section */

/* Begin PBXNativeTarget section */
		1D6058900D05DD3D006BFB54 /* Skeleton */ = {
			isa = PBXNativeTarget;
			buildConfigurationList = 1D6058960D05DD3E006BFB54 /* Build configuration list for PBXNativeTarget "Skeleton" */;
			buildPhases = (
				1D60588D0D05DD3D006BFB54 /* Resources */,
				1D60588E0D05DD3D006BFB54 /* Sources */,
				1D60588F0D05DD3D006BFB54 /* Frameworks */,
			);
			buildRules = (
			);
			dependencies = (
			);
			name = Skeleton;
			productName = foo;
			productReference = 1D6058910D05DD3D006BFB54 /* NetworkSkeleton.app */;
			productType = "com.apple.product-type.application";
		};
/* End PBXNativeTarget section */

/* Begin PBXProject section */
		29B97313FDCFA39411CA2CEA /* Project object */ = {
			isa = PBXProject;
			buildConfigurationList = C01FCF4E08A954540054247B /* Build configuration list for PBXProject "NetworkSkeleton" */;
			compatibilityVersion = "Xcode 3.1";
			hasScannedForEncodings = 1;
			mainGroup = 29B97314FDCFA39411CA2CEA /* CustomTemplate */;
			projectDirPath = "";
			projectRoot = "";
			targets = (
				1D6058900D05DD3D006BFB54 /* Skeleton */,
			);
		};
/* End PBXProject section */

/* Begin PBXResourcesBuildPhase section */
		1D60588D0D05DD3D006BFB54 /* Resources */ = {
			isa = PBXResourcesBuildPhase;
			buildActionMask = 2147483647;
			files = (
				1B26781E0DA2F9B000B24DA5 /* icon.png in Resources */,
				1BF3A1360DA68E6200C48976 /* ReadMe.txt in Resources */,
				79EA07100DAFF0550038ED3D /* Default.png in Resources */,
				795AC9090EDF1293004CF7D4 /* readme.txt in Resources */,
			);
			runOnlyForDeploymentPostprocessing = 0;
		};
/* End PBXResourcesBuildPhase section */

/* Begin PBXSourcesBuildPhase section */
		1D60588E0D05DD3D006BFB54 /* Sources */ = {
			isa = PBXSourcesBuildPhase;
			buildActionMask = 2147483647;
			files = (
				79235CF10DAD243A00F918F8 /* main.m in Sources */,
				79235D500DAD2BEA00F918F8 /* Application.mm in Sources */,
				79EA04530DAFC7950038ED3D /* EAGLView.m in Sources */,
				79EA04580DAFC7950038ED3D /* DisplayText.cpp in Sources */,
				79EA04590DAFC7950038ED3D /* DisplayTextAPI.cpp in Sources */,
				79EA049F0DAFCC980038ED3D /* BoneBatch.cpp in Sources */,
				79EA04A00DAFCC980038ED3D /* Model3DS.cpp in Sources */,
				79EA04A10DAFCC980038ED3D /* ModelPOD.cpp in Sources */,
				79EA04A20DAFCC980038ED3D /* ModelPODWriteH.cpp in Sources */,
				79EA04A30DAFCC980038ED3D /* TriStrip.cpp in Sources */,
				79EA04A40DAFCC980038ED3D /* Vertex.cpp in Sources */,
				79EA04A50DAFCC980038ED3D /* VertexLookup.cpp in Sources */,
				79EA04A60DAFCC980038ED3D /* ResourceFile.cpp in Sources */,
				79EA04A70DAFCC980038ED3D /* Streaming.cpp in Sources */,
				7914067C0DBAD8D100C9A379 /* Delegate.mm in Sources */,
				D932CEF50E7DAF4C0075FE72 /* callbacks.c in Sources */,
				D932CEF60E7DAF4C0075FE72 /* host.c in Sources */,
				D932CEF70E7DAF4C0075FE72 /* list.c in Sources */,
				D932CEF80E7DAF4C0075FE72 /* packet.c in Sources */,
				D932CEF90E7DAF4C0075FE72 /* peer.c in Sources */,
				D932CEFA0E7DAF4C0075FE72 /* protocol.c in Sources */,
				D932CEFB0E7DAF4C0075FE72 /* unix.c in Sources */,
				79317D7E0EDC51F300247E3D /* Matrix.cpp in Sources */,
				79317D7F0EDC51F300247E3D /* Random.cpp in Sources */,
				79317D800EDC51F300247E3D /* Transform.cpp in Sources */,
				79317D810EDC51F300247E3D /* matrix_impl.cpp in Sources */,
				79317D820EDC51F300247E3D /* utility_impl.cpp in Sources */,
				795AC9080EDF1293004CF7D4 /* mmgr.cpp in Sources */,
			);
			runOnlyForDeploymentPostprocessing = 0;
		};
/* End PBXSourcesBuildPhase section */

/* Begin XCBuildConfiguration section */
		1D6058940D05DD3E006BFB54 /* Debug */ = {
			isa = XCBuildConfiguration;
			buildSettings = {
				ALWAYS_SEARCH_USER_PATHS = NO;
				CODE_SIGN_IDENTITY = "Wolfgang Engel";
				COPY_PHASE_STRIP = NO;
				DEBUG_INFORMATION_FORMAT = "dwarf-with-dsym";
				FRAMEWORK_SEARCH_PATHS = (
					"$(inherited)",
					"\"$(SDKROOT)$(SYSTEM_LIBRARY_DIR)/PrivateFrameworks\"",
				);
				GCC_DYNAMIC_NO_PIC = NO;
				GCC_ENABLE_FIX_AND_CONTINUE = NO;
				GCC_OPTIMIZATION_LEVEL = 0;
				GCC_PRECOMPILE_PREFIX_HEADER = YES;
				GCC_PREFIX_HEADER = Prefix.pch;
				HEADER_SEARCH_PATHS = ../../../Include;
				INFOPLIST_FILE = Info.plist;
				PREBINDING = NO;
				PRODUCT_NAME = NetworkSkeleton;
				"PROVISIONING_PROFILE[sdk=iphoneos*]" = DefaultProfileUuid;
				WARNING_CFLAGS = "-Wall";
			};
			name = Debug;
		};
		1D6058950D05DD3E006BFB54 /* Release */ = {
			isa = XCBuildConfiguration;
			buildSettings = {
				ALWAYS_SEARCH_USER_PATHS = NO;
				CODE_SIGN_IDENTITY = "Wolfgang Engel";
				COPY_PHASE_STRIP = YES;
				DEBUG_INFORMATION_FORMAT = "dwarf-with-dsym";
				FRAMEWORK_SEARCH_PATHS = (
					"$(inherited)",
					"\"$(SDKROOT)$(SYSTEM_LIBRARY_DIR)/PrivateFrameworks\"",
				);
				GCC_ENABLE_FIX_AND_CONTINUE = NO;
				GCC_PRECOMPILE_PREFIX_HEADER = YES;
				GCC_PREFIX_HEADER = Prefix.pch;
				INFOPLIST_FILE = Info.plist;
				PREBINDING = NO;
				PRODUCT_NAME = NetworkSkeleton;
				"PROVISIONING_PROFILE[sdk=iphoneos*]" = DefaultProfileUuid;
				WARNING_CFLAGS = "-Wall";
			};
			name = Release;
		};
		C01FCF4F08A954540054247B /* Debug */ = {
			isa = XCBuildConfiguration;
			buildSettings = {
				ARCHS = "$(ARCHS_STANDARD_32_BIT)";
				CODE_SIGN_IDENTITY = "iPhone Developer: Joe Woynillowicz";
				ONLY_ACTIVE_ARCH = YES;
				"PROVISIONING_PROFILE[sdk=iphoneos*]" = "00FF051F-B153-4317-B3FB-8339434799A5";
				SDKROOT = iphoneos2.0;
			};
			name = Debug;
		};
		C01FCF5008A954540054247B /* Release */ = {
			isa = XCBuildConfiguration;
			buildSettings = {
				ARCHS = "$(ARCHS_STANDARD_32_BIT)";
				HEADER_SEARCH_PATHS = ../../../Include;
				SDKROOT = iphoneos2.0;
			};
			name = Release;
		};
/* End XCBuildConfiguration section */

/* Begin XCConfigurationList section */
		1D6058960D05DD3E006BFB54 /* Build configuration list for PBXNativeTarget "Skeleton" */ = {
			isa = XCConfigurationList;
			buildConfigurations = (
				1D6058940D05DD3E006BFB54 /* Debug */,
				1D6058950D05DD3E006BFB54 /* Release */,
			);
			defaultConfigurationIsVisible = 0;
			defaultConfigurationName = Release;
		};
		C01FCF4E08A954540054247B /* Build configuration list for PBXProject "NetworkSkeleton" */ = {
			isa = XCConfigurationList;
			buildConfigurations = (
				C01FCF4F08A954540054247B /* Debug */,
				C01FCF5008A954540054247B /* Release */,
			);
			defaultConfigurationIsVisible = 0;
			defaultConfigurationName = Release;
		};
/* End XCConfigurationList section */
	};
	rootObject = 29B97313FDCFA39411CA2CEA /* Project object */;
}
